// !$*UTF8*$!
{
	archiveVersion = 1;
	classes = {
	};
	objectVersion = 56;
	objects = {

/* Begin PBXBuildFile section */
		6EB9B3F45EE64F0D91C1D204 /* DesignSystem.swift in Sources */ = {isa = PBXBuildFile; fileRef = 19B21BE0FFA8436BA7DE84A0 /* DesignSystem.swift */; };
		82CEDEAB26D54C7D9A4518D9 /* AppTabView.swift in Sources */ = {isa = PBXBuildFile; fileRef = DA78F0AD89D34E0DB8610975 /* AppTabView.swift */; };
		CD01301029EB05FD009CB086 /* Preview Assets.xcassets in Resources */ = {isa = PBXBuildFile; fileRef = CD01300F29EB05FD009CB086 /* Preview Assets.xcassets */; };
		CD6A05E42ED9F91A002DBD98 /* VehicleModel.swift in Sources */ = {isa = PBXBuildFile; fileRef = CD6A05E32ED9F91A002DBD98 /* VehicleModel.swift */; };
		CD6A05E62ED9F929002DBD98 /* Constants.swift in Sources */ = {isa = PBXBuildFile; fileRef = CD6A05E52ED9F929002DBD98 /* Constants.swift */; };
		CD6A05E92EDA0397002DBD98 /* DesignSystem.swift in Sources */ = {isa = PBXBuildFile; fileRef = CD6A05E72EDA0397002DBD98 /* DesignSystem.swift */; };
		CD6A05EB2EDA03B2002DBD98 /* AppTabView.swift in Sources */ = {isa = PBXBuildFile; fileRef = CD6A05EA2EDA03B2002DBD98 /* AppTabView.swift */; };
		CD6A05F02EDA06B8002DBD98 /* Enums.swift in Sources */ = {isa = PBXBuildFile; fileRef = CD6A05EF2EDA06B8002DBD98 /* Enums.swift */; };
		CDAC84C42C6B6D4E00725909 /* Assets.xcassets in Resources */ = {isa = PBXBuildFile; fileRef = CDAC84C32C6B6D4E00725909 /* Assets.xcassets */; };
		CDD2424W2B123CF700A48CE9 /* Constants.swift in Sources */ = {isa = PBXBuildFile; fileRef = CDD2424X2B123CF600A48CE9 /* Constants.swift */; };
		CDD2424Z2B123CF700A48CE9 /* VehicleModel.swift in Sources */ = {isa = PBXBuildFile; fileRef = CDD2424Y2B123CF600A48CE9 /* VehicleModel.swift */; };
		CDD242862B123CF700A48CE9 /* GarageViewModel.swift in Sources */ = {isa = PBXBuildFile; fileRef = CDD242412B123CF600A48CE9 /* GarageViewModel.swift */; };
		CDD242872B123CF700A48CE9 /* HomeViewModel.swift in Sources */ = {isa = PBXBuildFile; fileRef = CDD242422B123CF600A48CE9 /* HomeViewModel.swift */; };
		CDD2428A2B123CF700A48CE9 /* CarScreenViewModel.swift in Sources */ = {isa = PBXBuildFile; fileRef = CDD242452B123CF600A48CE9 /* CarScreenViewModel.swift */; };
		CDD2428B2B123CF700A48CE9 /* LiveDataViewModel.swift in Sources */ = {isa = PBXBuildFile; fileRef = CDD242462B123CF600A48CE9 /* LiveDataViewModel.swift */; };
		CDD2428C2B123CF700A48CE9 /* BleConnection.swift in Sources */ = {isa = PBXBuildFile; fileRef = CDD242482B123CF600A48CE9 /* BleConnection.swift */; };
		CDD2428D2B123CF700A48CE9 /* Garage.swift in Sources */ = {isa = PBXBuildFile; fileRef = CDD242492B123CF600A48CE9 /* Garage.swift */; };
		CDD2428E2B123CF700A48CE9 /* Protocol.swift in Sources */ = {isa = PBXBuildFile; fileRef = CDD2424A2B123CF600A48CE9 /* Protocol.swift */; };
		CDD2428F2B123CF700A48CE9 /* OBDService.swift in Sources */ = {isa = PBXBuildFile; fileRef = CDD2424B2B123CF600A48CE9 /* OBDService.swift */; };
		CDD242902B123CF700A48CE9 /* ELM327Parser.swift in Sources */ = {isa = PBXBuildFile; fileRef = CDD2424C2B123CF600A48CE9 /* ELM327Parser.swift */; };
		CDD242912B123CF700A48CE9 /* Commands.swift in Sources */ = {isa = PBXBuildFile; fileRef = CDD2424D2B123CF600A48CE9 /* Commands.swift */; };
		CDD242922B123CF700A48CE9 /* ELM327.swift in Sources */ = {isa = PBXBuildFile; fileRef = CDD2424E2B123CF600A48CE9 /* ELM327.swift */; };
		CDD242932B123CF700A48CE9 /* ELM327GetVehiclePIDs.swift in Sources */ = {isa = PBXBuildFile; fileRef = CDD2424F2B123CF600A48CE9 /* ELM327GetVehiclePIDs.swift */; };
		CDD242942B123CF700A48CE9 /* CBCentralManagerMock.swift in Sources */ = {isa = PBXBuildFile; fileRef = CDD242532B123CF600A48CE9 /* CBCentralManagerMock.swift */; };
		CDD242952B123CF700A48CE9 /* Mock.swift in Sources */ = {isa = PBXBuildFile; fileRef = CDD242542B123CF600A48CE9 /* Mock.swift */; };
		CDD242962B123CF700A48CE9 /* CBPeripheralMock.swift in Sources */ = {isa = PBXBuildFile; fileRef = CDD242552B123CF600A48CE9 /* CBPeripheralMock.swift */; };
		CDD242972B123CF700A48CE9 /* ServiceCharacteristicsMock.swift in Sources */ = {isa = PBXBuildFile; fileRef = CDD242562B123CF600A48CE9 /* ServiceCharacteristicsMock.swift */; };
		CDD242982B123CF700A48CE9 /* CBPeripheralProtcolDelegate.swift in Sources */ = {isa = PBXBuildFile; fileRef = CDD242582B123CF600A48CE9 /* CBPeripheralProtcolDelegate.swift */; };
		CDD2429A2B123CF700A48CE9 /* Service.swift in Sources */ = {isa = PBXBuildFile; fileRef = CDD2425B2B123CF600A48CE9 /* Service.swift */; };
		CDD2429B2B123CF700A48CE9 /* Characteristic.swift in Sources */ = {isa = PBXBuildFile; fileRef = CDD2425C2B123CF600A48CE9 /* Characteristic.swift */; };
		CDD2429C2B123CF700A48CE9 /* Codes.swift in Sources */ = {isa = PBXBuildFile; fileRef = CDD2425D2B123CF600A48CE9 /* Codes.swift */; };
		CDD2429D2B123CF700A48CE9 /* Utils.swift in Sources */ = {isa = PBXBuildFile; fileRef = CDD2425E2B123CF600A48CE9 /* Utils.swift */; };
		CDD2429E2B123CF700A48CE9 /* Decoders.swift in Sources */ = {isa = PBXBuildFile; fileRef = CDD2425F2B123CF600A48CE9 /* Decoders.swift */; };
		CDD242A32B123CF700A48CE9 /* Cars.json in Resources */ = {isa = PBXBuildFile; fileRef = CDD242652B123CF600A48CE9 /* Cars.json */; };
		CDD242A42B123CF700A48CE9 /* AboutView.swift in Sources */ = {isa = PBXBuildFile; fileRef = CDD242672B123CF600A48CE9 /* AboutView.swift */; };
		CDD242A52B123CF700A48CE9 /* DashBoardView.swift in Sources */ = {isa = PBXBuildFile; fileRef = CDD242682B123CF600A48CE9 /* DashBoardView.swift */; };
		CDD242A62B123CF700A48CE9 /* SettingsView.swift in Sources */ = {isa = PBXBuildFile; fileRef = CDD242692B123CF600A48CE9 /* SettingsView.swift */; };
		CDD242A72B123CF700A48CE9 /* GarageView.swift in Sources */ = {isa = PBXBuildFile; fileRef = CDD2426A2B123CF600A48CE9 /* GarageView.swift */; };
		CDD242A82B123CF700A48CE9 /* HomeView.swift in Sources */ = {isa = PBXBuildFile; fileRef = CDD2426B2B123CF600A48CE9 /* HomeView.swift */; };
		CDD242AA2B123CF700A48CE9 /* GaugeView.swift in Sources */ = {isa = PBXBuildFile; fileRef = CDD2426E2B123CF600A48CE9 /* GaugeView.swift */; };
		CDD242AB2B123CF700A48CE9 /* SectionView.swift in Sources */ = {isa = PBXBuildFile; fileRef = CDD2426F2B123CF600A48CE9 /* SectionView.swift */; };
		CDD242AD2B123CF700A48CE9 /* ConnectButton.swift in Sources */ = {isa = PBXBuildFile; fileRef = CDD242712B123CF600A48CE9 /* ConnectButton.swift */; };
		CDD242AE2B123CF700A48CE9 /* AddPIDView.swift in Sources */ = {isa = PBXBuildFile; fileRef = CDD242732B123CF600A48CE9 /* AddPIDView.swift */; };
		CDD242AF2B123CF700A48CE9 /* ScrollChartView.swift in Sources */ = {isa = PBXBuildFile; fileRef = CDD242742B123CF600A48CE9 /* ScrollChartView.swift */; };
		CDD242B02B123CF700A48CE9 /* AddVehicleView.swift in Sources */ = {isa = PBXBuildFile; fileRef = CDD242752B123CF600A48CE9 /* AddVehicleView.swift */; };
		CDD242B12B123CF700A48CE9 /* BatteryTestView.swift in Sources */ = {isa = PBXBuildFile; fileRef = CDD242762B123CF600A48CE9 /* BatteryTestView.swift */; };
		CDD242B22B123CF700A48CE9 /* GaugePickerView.swift in Sources */ = {isa = PBXBuildFile; fileRef = CDD242772B123CF600A48CE9 /* GaugePickerView.swift */; };
		CDD242B32B123CF700A48CE9 /* LiveDataView.swift in Sources */ = {isa = PBXBuildFile; fileRef = CDD242782B123CF600A48CE9 /* LiveDataView.swift */; };
		CDD242B42B123CF700A48CE9 /* VehicleDiagnosticsView.swift in Sources */ = {isa = PBXBuildFile; fileRef = CDD242792B123CF600A48CE9 /* VehicleDiagnosticsView.swift */; };
		CDD242B52B123CF700A48CE9 /* CarScreen.swift in Sources */ = {isa = PBXBuildFile; fileRef = CDD2427A2B123CF600A48CE9 /* CarScreen.swift */; };
		CDD242B62B123CF700A48CE9 /* MainView.swift in Sources */ = {isa = PBXBuildFile; fileRef = CDD2427B2B123CF600A48CE9 /* MainView.swift */; };
		CDD242BA2B123CF700A48CE9 /* extensions.swift in Sources */ = {isa = PBXBuildFile; fileRef = CDD242812B123CF600A48CE9 /* extensions.swift */; };
		CDD242BB2B123CF700A48CE9 /* SetupOrderModal.swift in Sources */ = {isa = PBXBuildFile; fileRef = CDD242832B123CF700A48CE9 /* SetupOrderModal.swift */; };
		CDD242BC2B123CF700A48CE9 /* SmartOBD2App.swift in Sources */ = {isa = PBXBuildFile; fileRef = CDD242842B123CF700A48CE9 /* SmartOBD2App.swift */; };
		EE7212D274DD40B9AF474BE9 /* Enums.swift in Sources */ = {isa = PBXBuildFile; fileRef = E89EFCB262BB438B89EABF0A /* Enums.swift */; };
/* End PBXBuildFile section */

/* Begin PBXFileReference section */
		19B21BE0FFA8436BA7DE84A0 /* DesignSystem.swift */ = {isa = PBXFileReference; fileEncoding = 4; lastKnownFileType = sourcecode.swift; path = DesignSystem.swift; sourceTree = "<group>"; };
		CD01300429EB05FB009CB086 /* RAPIDTRUTH.app */ = {isa = PBXFileReference; explicitFileType = wrapper.application; includeInIndex = 0; path = RAPIDTRUTH.app; sourceTree = BUILT_PRODUCTS_DIR; };
		CD01300D29EB05FD009CB086 /* RAPIDTRUTH.entitlements */ = {isa = PBXFileReference; lastKnownFileType = text.plist.entitlements; path = RAPIDTRUTH.entitlements; sourceTree = "<group>"; };
		CD01300F29EB05FD009CB086 /* Preview Assets.xcassets */ = {isa = PBXFileReference; lastKnownFileType = folder.assetcatalog; path = "Preview Assets.xcassets"; sourceTree = "<group>"; };
		CD6A05E32ED9F91A002DBD98 /* VehicleModel.swift */ = {isa = PBXFileReference; lastKnownFileType = sourcecode.swift; path = VehicleModel.swift; sourceTree = "<group>"; };
		CD6A05E52ED9F929002DBD98 /* Constants.swift */ = {isa = PBXFileReference; lastKnownFileType = sourcecode.swift; path = Constants.swift; sourceTree = "<group>"; };
		CD6A05E72EDA0397002DBD98 /* DesignSystem.swift */ = {isa = PBXFileReference; lastKnownFileType = sourcecode.swift; path = DesignSystem.swift; sourceTree = "<group>"; };
		CD6A05EA2EDA03B2002DBD98 /* AppTabView.swift */ = {isa = PBXFileReference; lastKnownFileType = sourcecode.swift; path = AppTabView.swift; sourceTree = "<group>"; };
		CD6A05EF2EDA06B8002DBD98 /* Enums.swift */ = {isa = PBXFileReference; lastKnownFileType = sourcecode.swift; path = Enums.swift; sourceTree = "<group>"; };
		CDAC84C32C6B6D4E00725909 /* Assets.xcassets */ = {isa = PBXFileReference; lastKnownFileType = folder.assetcatalog; path = Assets.xcassets; sourceTree = "<group>"; };
		CDD242412B123CF600A48CE9 /* GarageViewModel.swift */ = {isa = PBXFileReference; fileEncoding = 4; lastKnownFileType = sourcecode.swift; path = GarageViewModel.swift; sourceTree = "<group>"; };
		CDD242422B123CF600A48CE9 /* HomeViewModel.swift */ = {isa = PBXFileReference; fileEncoding = 4; lastKnownFileType = sourcecode.swift; path = HomeViewModel.swift; sourceTree = "<group>"; };
		CDD242452B123CF600A48CE9 /* CarScreenViewModel.swift */ = {isa = PBXFileReference; fileEncoding = 4; lastKnownFileType = sourcecode.swift; path = CarScreenViewModel.swift; sourceTree = "<group>"; };
		CDD242462B123CF600A48CE9 /* LiveDataViewModel.swift */ = {isa = PBXFileReference; fileEncoding = 4; lastKnownFileType = sourcecode.swift; path = LiveDataViewModel.swift; sourceTree = "<group>"; };
		CDD242482B123CF600A48CE9 /* BleConnection.swift */ = {isa = PBXFileReference; fileEncoding = 4; lastKnownFileType = sourcecode.swift; path = BleConnection.swift; sourceTree = "<group>"; };
		CDD242492B123CF600A48CE9 /* Garage.swift */ = {isa = PBXFileReference; fileEncoding = 4; lastKnownFileType = sourcecode.swift; path = Garage.swift; sourceTree = "<group>"; };
		CDD2424A2B123CF600A48CE9 /* Protocol.swift */ = {isa = PBXFileReference; fileEncoding = 4; lastKnownFileType = sourcecode.swift; path = Protocol.swift; sourceTree = "<group>"; };
		CDD2424B2B123CF600A48CE9 /* OBDService.swift */ = {isa = PBXFileReference; fileEncoding = 4; lastKnownFileType = sourcecode.swift; path = OBDService.swift; sourceTree = "<group>"; };
		CDD2424C2B123CF600A48CE9 /* ELM327Parser.swift */ = {isa = PBXFileReference; fileEncoding = 4; lastKnownFileType = sourcecode.swift; path = ELM327Parser.swift; sourceTree = "<group>"; };
		CDD2424D2B123CF600A48CE9 /* Commands.swift */ = {isa = PBXFileReference; fileEncoding = 4; lastKnownFileType = sourcecode.swift; path = Commands.swift; sourceTree = "<group>"; };
		CDD2424E2B123CF600A48CE9 /* ELM327.swift */ = {isa = PBXFileReference; fileEncoding = 4; lastKnownFileType = sourcecode.swift; path = ELM327.swift; sourceTree = "<group>"; };
		CDD2424F2B123CF600A48CE9 /* ELM327GetVehiclePIDs.swift */ = {isa = PBXFileReference; fileEncoding = 4; lastKnownFileType = sourcecode.swift; path = ELM327GetVehiclePIDs.swift; sourceTree = "<group>"; };
		CDD2424X2B123CF600A48CE9 /* Constants.swift */ = {isa = PBXFileReference; fileEncoding = 4; lastKnownFileType = sourcecode.swift; path = Constants.swift; sourceTree = "<group>"; };
		CDD2424Y2B123CF600A48CE9 /* VehicleModel.swift */ = {isa = PBXFileReference; fileEncoding = 4; lastKnownFileType = sourcecode.swift; path = VehicleModel.swift; sourceTree = "<group>"; };
		CDD242532B123CF600A48CE9 /* CBCentralManagerMock.swift */ = {isa = PBXFileReference; fileEncoding = 4; lastKnownFileType = sourcecode.swift; path = CBCentralManagerMock.swift; sourceTree = "<group>"; };
		CDD242542B123CF600A48CE9 /* Mock.swift */ = {isa = PBXFileReference; fileEncoding = 4; lastKnownFileType = sourcecode.swift; path = Mock.swift; sourceTree = "<group>"; };
		CDD242552B123CF600A48CE9 /* CBPeripheralMock.swift */ = {isa = PBXFileReference; fileEncoding = 4; lastKnownFileType = sourcecode.swift; path = CBPeripheralMock.swift; sourceTree = "<group>"; };
		CDD242562B123CF600A48CE9 /* ServiceCharacteristicsMock.swift */ = {isa = PBXFileReference; fileEncoding = 4; lastKnownFileType = sourcecode.swift; path = ServiceCharacteristicsMock.swift; sourceTree = "<group>"; };
		CDD242582B123CF600A48CE9 /* CBPeripheralProtcolDelegate.swift */ = {isa = PBXFileReference; fileEncoding = 4; lastKnownFileType = sourcecode.swift; path = CBPeripheralProtcolDelegate.swift; sourceTree = "<group>"; };
		CDD2425A2B123CF600A48CE9 /* Peripheral.swift */ = {isa = PBXFileReference; fileEncoding = 4; lastKnownFileType = sourcecode.swift; path = Peripheral.swift; sourceTree = "<group>"; };
		CDD2425B2B123CF600A48CE9 /* Service.swift */ = {isa = PBXFileReference; fileEncoding = 4; lastKnownFileType = sourcecode.swift; path = Service.swift; sourceTree = "<group>"; };
		CDD2425C2B123CF600A48CE9 /* Characteristic.swift */ = {isa = PBXFileReference; fileEncoding = 4; lastKnownFileType = sourcecode.swift; path = Characteristic.swift; sourceTree = "<group>"; };
		CDD2425D2B123CF600A48CE9 /* Codes.swift */ = {isa = PBXFileReference; fileEncoding = 4; lastKnownFileType = sourcecode.swift; path = Codes.swift; sourceTree = "<group>"; };
		CDD2425E2B123CF600A48CE9 /* Utils.swift */ = {isa = PBXFileReference; fileEncoding = 4; lastKnownFileType = sourcecode.swift; path = Utils.swift; sourceTree = "<group>"; };
		CDD2425F2B123CF600A48CE9 /* Decoders.swift */ = {isa = PBXFileReference; fileEncoding = 4; lastKnownFileType = sourcecode.swift; path = Decoders.swift; sourceTree = "<group>"; };
		CDD242652B123CF600A48CE9 /* Cars.json */ = {isa = PBXFileReference; fileEncoding = 4; lastKnownFileType = text.json; path = Cars.json; sourceTree = "<group>"; };
		CDD242672B123CF600A48CE9 /* AboutView.swift */ = {isa = PBXFileReference; fileEncoding = 4; lastKnownFileType = sourcecode.swift; path = AboutView.swift; sourceTree = "<group>"; };
		CDD242682B123CF600A48CE9 /* DashBoardView.swift */ = {isa = PBXFileReference; fileEncoding = 4; lastKnownFileType = sourcecode.swift; path = DashBoardView.swift; sourceTree = "<group>"; };
		CDD242692B123CF600A48CE9 /* SettingsView.swift */ = {isa = PBXFileReference; fileEncoding = 4; lastKnownFileType = sourcecode.swift; path = SettingsView.swift; sourceTree = "<group>"; };
		CDD2426A2B123CF600A48CE9 /* GarageView.swift */ = {isa = PBXFileReference; fileEncoding = 4; lastKnownFileType = sourcecode.swift; path = GarageView.swift; sourceTree = "<group>"; };
		CDD2426B2B123CF600A48CE9 /* HomeView.swift */ = {isa = PBXFileReference; fileEncoding = 4; lastKnownFileType = sourcecode.swift; path = HomeView.swift; sourceTree = "<group>"; };
		CDD2426E2B123CF600A48CE9 /* GaugeView.swift */ = {isa = PBXFileReference; fileEncoding = 4; lastKnownFileType = sourcecode.swift; path = GaugeView.swift; sourceTree = "<group>"; };
		CDD2426F2B123CF600A48CE9 /* SectionView.swift */ = {isa = PBXFileReference; fileEncoding = 4; lastKnownFileType = sourcecode.swift; path = SectionView.swift; sourceTree = "<group>"; };
		CDD242712B123CF600A48CE9 /* ConnectButton.swift */ = {isa = PBXFileReference; fileEncoding = 4; lastKnownFileType = sourcecode.swift; path = ConnectButton.swift; sourceTree = "<group>"; };
		CDD242732B123CF600A48CE9 /* AddPIDView.swift */ = {isa = PBXFileReference; fileEncoding = 4; lastKnownFileType = sourcecode.swift; path = AddPIDView.swift; sourceTree = "<group>"; };
		CDD242742B123CF600A48CE9 /* ScrollChartView.swift */ = {isa = PBXFileReference; fileEncoding = 4; lastKnownFileType = sourcecode.swift; path = ScrollChartView.swift; sourceTree = "<group>"; };
		CDD242752B123CF600A48CE9 /* AddVehicleView.swift */ = {isa = PBXFileReference; fileEncoding = 4; lastKnownFileType = sourcecode.swift; path = AddVehicleView.swift; sourceTree = "<group>"; };
		CDD242762B123CF600A48CE9 /* BatteryTestView.swift */ = {isa = PBXFileReference; fileEncoding = 4; lastKnownFileType = sourcecode.swift; path = BatteryTestView.swift; sourceTree = "<group>"; };
		CDD242772B123CF600A48CE9 /* GaugePickerView.swift */ = {isa = PBXFileReference; fileEncoding = 4; lastKnownFileType = sourcecode.swift; path = GaugePickerView.swift; sourceTree = "<group>"; };
		CDD242782B123CF600A48CE9 /* LiveDataView.swift */ = {isa = PBXFileReference; fileEncoding = 4; lastKnownFileType = sourcecode.swift; path = LiveDataView.swift; sourceTree = "<group>"; };
		CDD242792B123CF600A48CE9 /* VehicleDiagnosticsView.swift */ = {isa = PBXFileReference; fileEncoding = 4; lastKnownFileType = sourcecode.swift; path = VehicleDiagnosticsView.swift; sourceTree = "<group>"; };
		CDD2427A2B123CF600A48CE9 /* CarScreen.swift */ = {isa = PBXFileReference; fileEncoding = 4; lastKnownFileType = sourcecode.swift; path = CarScreen.swift; sourceTree = "<group>"; };
		CDD2427B2B123CF600A48CE9 /* MainView.swift */ = {isa = PBXFileReference; fileEncoding = 4; lastKnownFileType = sourcecode.swift; path = MainView.swift; sourceTree = "<group>"; };
		CDD242812B123CF600A48CE9 /* extensions.swift */ = {isa = PBXFileReference; fileEncoding = 4; lastKnownFileType = sourcecode.swift; path = extensions.swift; sourceTree = "<group>"; };
		CDD242832B123CF700A48CE9 /* SetupOrderModal.swift */ = {isa = PBXFileReference; fileEncoding = 4; lastKnownFileType = sourcecode.swift; path = SetupOrderModal.swift; sourceTree = "<group>"; };
		CDD242842B123CF700A48CE9 /* SmartOBD2App.swift */ = {isa = PBXFileReference; fileEncoding = 4; lastKnownFileType = sourcecode.swift; path = SmartOBD2App.swift; sourceTree = "<group>"; };
		DA78F0AD89D34E0DB8610975 /* AppTabView.swift */ = {isa = PBXFileReference; fileEncoding = 4; lastKnownFileType = sourcecode.swift; path = AppTabView.swift; sourceTree = "<group>"; };
		E89EFCB262BB438B89EABF0A /* Enums.swift */ = {isa = PBXFileReference; fileEncoding = 4; lastKnownFileType = sourcecode.swift; path = Enums.swift; sourceTree = "<group>"; };
/* End PBXFileReference section */

/* Begin PBXFrameworksBuildPhase section */
		CD01300129EB05FB009CB086 /* Frameworks */ = {
			isa = PBXFrameworksBuildPhase;
			buildActionMask = 2147483647;
			files = (
			);
			runOnlyForDeploymentPostprocessing = 0;
		};
/* End PBXFrameworksBuildPhase section */

/* Begin PBXGroup section */
		CD012FFB29EB05FB009CB086 = {
			isa = PBXGroup;
			children = (
				CD01300629EB05FB009CB086 /* RAPIDTRUTH */,
				CD01300529EB05FB009CB086 /* Products */,
				CD6A05EE2EDA068C002DBD98 /* Recovered References */,
			);
			sourceTree = "<group>";
		};
		CD01300529EB05FB009CB086 /* Products */ = {
			isa = PBXGroup;
			children = (
				CD01300429EB05FB009CB086 /* RAPIDTRUTH.app */,
			);
			name = Products;
			sourceTree = "<group>";
		};
		CD01300629EB05FB009CB086 /* RAPIDTRUTH */ = {
			isa = PBXGroup;
			children = (
				CD6A05E82EDA0397002DBD98 /* Design */,
				CD6A05E52ED9F929002DBD98 /* Constants.swift */,
				CDD242472B123CF600A48CE9 /* BleComm */,
				CDD242652B123CF600A48CE9 /* Cars.json */,
				CDD242802B123CF600A48CE9 /* Extensions */,
				CDD242822B123CF700A48CE9 /* Modals */,
				CDD242842B123CF700A48CE9 /* SmartOBD2App.swift */,
				CDD2423F2B123CF600A48CE9 /* ViewModels */,
				CDD242662B123CF600A48CE9 /* Views */,
				CD01300D29EB05FD009CB086 /* RAPIDTRUTH.entitlements */,
				CDAC84C32C6B6D4E00725909 /* Assets.xcassets */,
				CD01300E29EB05FD009CB086 /* Preview Content */,
			);
			path = RAPIDTRUTH;
			sourceTree = "<group>";
		};
		CD01300E29EB05FD009CB086 /* Preview Content */ = {
			isa = PBXGroup;
			children = (
				CD01300F29EB05FD009CB086 /* Preview Assets.xcassets */,
			);
			path = "Preview Content";
			sourceTree = "<group>";
		};
		CD6A05E82EDA0397002DBD98 /* Design */ = {
			isa = PBXGroup;
			children = (
				CD6A05EF2EDA06B8002DBD98 /* Enums.swift */,
				CD6A05E72EDA0397002DBD98 /* DesignSystem.swift */,
			);
			path = Design;
			sourceTree = "<group>";
		};
		CD6A05EE2EDA068C002DBD98 /* Recovered References */ = {
			isa = PBXGroup;
			children = (
				19B21BE0FFA8436BA7DE84A0 /* DesignSystem.swift */,
				E89EFCB262BB438B89EABF0A /* Enums.swift */,
				DA78F0AD89D34E0DB8610975 /* AppTabView.swift */,
				CDD2424X2B123CF600A48CE9 /* Constants.swift */,
			);
			name = "Recovered References";
			sourceTree = "<group>";
		};
		CDD2423F2B123CF600A48CE9 /* ViewModels */ = {
			isa = PBXGroup;
			children = (
				CDD242412B123CF600A48CE9 /* GarageViewModel.swift */,
				CDD242422B123CF600A48CE9 /* HomeViewModel.swift */,
				CDD242452B123CF600A48CE9 /* CarScreenViewModel.swift */,
				CDD242462B123CF600A48CE9 /* LiveDataViewModel.swift */,
			);
			path = ViewModels;
			sourceTree = "<group>";
		};
		CDD242472B123CF600A48CE9 /* BleComm */ = {
			isa = PBXGroup;
			children = (
				CD6A05E32ED9F91A002DBD98 /* VehicleModel.swift */,
				CDD242482B123CF600A48CE9 /* BleConnection.swift */,
				CDD242492B123CF600A48CE9 /* Garage.swift */,
				CDD2424A2B123CF600A48CE9 /* Protocol.swift */,
				CDD2424B2B123CF600A48CE9 /* OBDService.swift */,
				CDD2424C2B123CF600A48CE9 /* ELM327Parser.swift */,
				CDD2424D2B123CF600A48CE9 /* Commands.swift */,
				CDD2424E2B123CF600A48CE9 /* ELM327.swift */,
				CDD2424F2B123CF600A48CE9 /* ELM327GetVehiclePIDs.swift */,
				CDD242502B123CF600A48CE9 /* Model */,
				CDD2425D2B123CF600A48CE9 /* Codes.swift */,
				CDD2425E2B123CF600A48CE9 /* Utils.swift */,
				CDD2425F2B123CF600A48CE9 /* Decoders.swift */,
			);
			path = BleComm;
			sourceTree = "<group>";
		};
		CDD242502B123CF600A48CE9 /* Model */ = {
			isa = PBXGroup;
			children = (
				CDD242512B123CF600A48CE9 /* CoreBluetooth */,
			);
			path = Model;
			sourceTree = "<group>";
		};
		CDD242512B123CF600A48CE9 /* CoreBluetooth */ = {
			isa = PBXGroup;
			children = (
				CDD242522B123CF600A48CE9 /* Mock */,
				CDD242572B123CF600A48CE9 /* Delegate */,
				CDD242592B123CF600A48CE9 /* Store */,
			);
			path = CoreBluetooth;
			sourceTree = "<group>";
		};
		CDD242522B123CF600A48CE9 /* Mock */ = {
			isa = PBXGroup;
			children = (
				CDD242532B123CF600A48CE9 /* CBCentralManagerMock.swift */,
				CDD242542B123CF600A48CE9 /* Mock.swift */,
				CDD242552B123CF600A48CE9 /* CBPeripheralMock.swift */,
				CDD242562B123CF600A48CE9 /* ServiceCharacteristicsMock.swift */,
			);
			path = Mock;
			sourceTree = "<group>";
		};
		CDD242572B123CF600A48CE9 /* Delegate */ = {
			isa = PBXGroup;
			children = (
				CDD242582B123CF600A48CE9 /* CBPeripheralProtcolDelegate.swift */,
			);
			path = Delegate;
			sourceTree = "<group>";
		};
		CDD242592B123CF600A48CE9 /* Store */ = {
			isa = PBXGroup;
			children = (
				CDD2425A2B123CF600A48CE9 /* Peripheral.swift */,
				CDD2425B2B123CF600A48CE9 /* Service.swift */,
				CDD2425C2B123CF600A48CE9 /* Characteristic.swift */,
			);
			path = Store;
			sourceTree = "<group>";
		};
		CDD242662B123CF600A48CE9 /* Views */ = {
			isa = PBXGroup;
			children = (
				CD6A05EA2EDA03B2002DBD98 /* AppTabView.swift */,
				CDD242672B123CF600A48CE9 /* AboutView.swift */,
				CDD242682B123CF600A48CE9 /* DashBoardView.swift */,
				CDD242692B123CF600A48CE9 /* SettingsView.swift */,
				CDD2426A2B123CF600A48CE9 /* GarageView.swift */,
				CDD2426B2B123CF600A48CE9 /* HomeView.swift */,
				CDD2426C2B123CF600A48CE9 /* Utils */,
				CDD242722B123CF600A48CE9 /* SubViews */,
				CDD2427A2B123CF600A48CE9 /* CarScreen.swift */,
				CDD2427B2B123CF600A48CE9 /* MainView.swift */,
			);
			path = Views;
			sourceTree = "<group>";
		};
		CDD2426C2B123CF600A48CE9 /* Utils */ = {
			isa = PBXGroup;
			children = (
				CDD2426E2B123CF600A48CE9 /* GaugeView.swift */,
				CDD2424Y2B123CF600A48CE9 /* VehicleModel.swift */,
				CDD2426F2B123CF600A48CE9 /* SectionView.swift */,
				CDD242712B123CF600A48CE9 /* ConnectButton.swift */,
			);
			path = Utils;
			sourceTree = "<group>";
		};
		CDD242722B123CF600A48CE9 /* SubViews */ = {
			isa = PBXGroup;
			children = (
				CDD242732B123CF600A48CE9 /* AddPIDView.swift */,
				CDD242742B123CF600A48CE9 /* ScrollChartView.swift */,
				CDD242752B123CF600A48CE9 /* AddVehicleView.swift */,
				CDD242762B123CF600A48CE9 /* BatteryTestView.swift */,
				CDD242772B123CF600A48CE9 /* GaugePickerView.swift */,
				CDD242782B123CF600A48CE9 /* LiveDataView.swift */,
				CDD242792B123CF600A48CE9 /* VehicleDiagnosticsView.swift */,
			);
			path = SubViews;
			sourceTree = "<group>";
		};
		CDD242802B123CF600A48CE9 /* Extensions */ = {
			isa = PBXGroup;
			children = (
				CDD242812B123CF600A48CE9 /* extensions.swift */,
			);
			path = Extensions;
			sourceTree = "<group>";
		};
		CDD242822B123CF700A48CE9 /* Modals */ = {
			isa = PBXGroup;
			children = (
				CDD242832B123CF700A48CE9 /* SetupOrderModal.swift */,
			);
			path = Modals;
			sourceTree = "<group>";
		};
/* End PBXGroup section */

/* Begin PBXNativeTarget section */
		CD01300329EB05FB009CB086 /* RAPIDTRUTH */ = {
			isa = PBXNativeTarget;
			buildConfigurationList = CD01301329EB05FD009CB086 /* Build configuration list for PBXNativeTarget "RAPIDTRUTH" */;
			buildPhases = (
				CD01300029EB05FB009CB086 /* Sources */,
				CD01300129EB05FB009CB086 /* Frameworks */,
				CD01300229EB05FB009CB086 /* Resources */,
			);
			buildRules = (
			);
			dependencies = (
			);
			name = RAPIDTRUTH;
			packageProductDependencies = (
			);
			productName = RAPIDTRUTH;
			productReference = CD01300429EB05FB009CB086 /* RAPIDTRUTH.app */;
			productType = "com.apple.product-type.application";
		};
/* End PBXNativeTarget section */

/* Begin PBXProject section */
		CD012FFC29EB05FB009CB086 /* Project object */ = {
			isa = PBXProject;
			attributes = {
				BuildIndependentTargetsInParallel = 1;
				LastSwiftUpdateCheck = 1430;
				LastUpgradeCheck = 1510;
				TargetAttributes = {
					CD01300329EB05FB009CB086 = {
						CreatedOnToolsVersion = 14.3;
						LastSwiftMigration = 1510;
					};
				};
			};
			buildConfigurationList = CD012FFF29EB05FB009CB086 /* Build configuration list for PBXProject "RAPIDTRUTH" */;
			compatibilityVersion = "Xcode 14.0";
			developmentRegion = en;
			hasScannedForEncodings = 0;
			knownRegions = (
				en,
				Base,
			);
			mainGroup = CD012FFB29EB05FB009CB086;
			packageReferences = (
			);
			productRefGroup = CD01300529EB05FB009CB086 /* Products */;
			projectDirPath = "";
			projectRoot = "";
			targets = (
				CD01300329EB05FB009CB086 /* RAPIDTRUTH */,
			);
		};
/* End PBXProject section */

/* Begin PBXResourcesBuildPhase section */
		CD01300229EB05FB009CB086 /* Resources */ = {
			isa = PBXResourcesBuildPhase;
			buildActionMask = 2147483647;
			files = (
				CD01301029EB05FD009CB086 /* Preview Assets.xcassets in Resources */,
				CDAC84C42C6B6D4E00725909 /* Assets.xcassets in Resources */,
				CDD242A32B123CF700A48CE9 /* Cars.json in Resources */,
			);
			runOnlyForDeploymentPostprocessing = 0;
		};
/* End PBXResourcesBuildPhase section */

/* Begin PBXSourcesBuildPhase section */
		CD01300029EB05FB009CB086 /* Sources */ = {
			isa = PBXSourcesBuildPhase;
			buildActionMask = 2147483647;
			files = (
				6EB9B3F45EE64F0D91C1D204 /* DesignSystem.swift in Sources */,
				EE7212D274DD40B9AF474BE9 /* Enums.swift in Sources */,
				82CEDEAB26D54C7D9A4518D9 /* AppTabView.swift in Sources */,
				CDD242A42B123CF700A48CE9 /* AboutView.swift in Sources */,
				CDD242BC2B123CF700A48CE9 /* SmartOBD2App.swift in Sources */,
				CDD242AB2B123CF700A48CE9 /* SectionView.swift in Sources */,
				CDD242B02B123CF700A48CE9 /* AddVehicleView.swift in Sources */,
				CDD2428C2B123CF700A48CE9 /* BleConnection.swift in Sources */,
				CDD242962B123CF700A48CE9 /* CBPeripheralMock.swift in Sources */,
				CDD242AA2B123CF700A48CE9 /* GaugeView.swift in Sources */,
				CDD2429C2B123CF700A48CE9 /* Codes.swift in Sources */,
				CDD242B32B123CF700A48CE9 /* LiveDataView.swift in Sources */,
				CDD242A72B123CF700A48CE9 /* GarageView.swift in Sources */,
				CD6A05E42ED9F91A002DBD98 /* VehicleModel.swift in Sources */,
				CDD242A82B123CF700A48CE9 /* HomeView.swift in Sources */,
				CDD242B42B123CF700A48CE9 /* VehicleDiagnosticsView.swift in Sources */,
				CDD2429D2B123CF700A48CE9 /* Utils.swift in Sources */,
				CDD242BA2B123CF700A48CE9 /* extensions.swift in Sources */,
				CDD2428B2B123CF700A48CE9 /* LiveDataViewModel.swift in Sources */,
				CDD242982B123CF700A48CE9 /* CBPeripheralProtcolDelegate.swift in Sources */,
				CDD242872B123CF700A48CE9 /* HomeViewModel.swift in Sources */,
				CDD2428A2B123CF700A48CE9 /* CarScreenViewModel.swift in Sources */,
				CDD242972B123CF700A48CE9 /* ServiceCharacteristicsMock.swift in Sources */,
				CDD242952B123CF700A48CE9 /* Mock.swift in Sources */,
				CD6A05E62ED9F929002DBD98 /* Constants.swift in Sources */,
				CDD242AD2B123CF700A48CE9 /* ConnectButton.swift in Sources */,
				CDD242932B123CF700A48CE9 /* ELM327GetVehiclePIDs.swift in Sources */,
				CDD2424Z2B123CF700A48CE9 /* VehicleModel.swift in Sources */,
				CD6A05EB2EDA03B2002DBD98 /* AppTabView.swift in Sources */,
				CDD242A52B123CF700A48CE9 /* DashBoardView.swift in Sources */,
				CDD242B12B123CF700A48CE9 /* BatteryTestView.swift in Sources */,
				CDD242942B123CF700A48CE9 /* CBCentralManagerMock.swift in Sources */,
				CDD242BB2B123CF700A48CE9 /* SetupOrderModal.swift in Sources */,
				CDD2429E2B123CF700A48CE9 /* Decoders.swift in Sources */,
				CDD2428E2B123CF700A48CE9 /* Protocol.swift in Sources */,
				CDD242B52B123CF700A48CE9 /* CarScreen.swift in Sources */,
				CDD2424W2B123CF700A48CE9 /* Constants.swift in Sources */,
				CDD242A62B123CF700A48CE9 /* SettingsView.swift in Sources */,
				CD6A05E92EDA0397002DBD98 /* DesignSystem.swift in Sources */,
				CDD242B62B123CF700A48CE9 /* MainView.swift in Sources */,
				CD6A05F02EDA06B8002DBD98 /* Enums.swift in Sources */,
				CDD242902B123CF700A48CE9 /* ELM327Parser.swift in Sources */,
				CDD242AF2B123CF700A48CE9 /* ScrollChartView.swift in Sources */,
				CDD242922B123CF700A48CE9 /* ELM327.swift in Sources */,
				CDD242AE2B123CF700A48CE9 /* AddPIDView.swift in Sources */,
				CDD242862B123CF700A48CE9 /* GarageViewModel.swift in Sources */,
				CDD242862B123CF700A48CE9 /* GarageViewModel.swift in Sources */,
				CDD2428F2B123CF700A48CE9 /* OBDService.swift in Sources */,
				CDD242B22B123CF700A48CE9 /* GaugePickerView.swift in Sources */,
				CDD2429A2B123CF700A48CE9 /* Service.swift in Sources */,
				CDD242912B123CF700A48CE9 /* Commands.swift in Sources */,
				CDD2428D2B123CF700A48CE9 /* Garage.swift in Sources */,
				CDD2429B2B123CF700A48CE9 /* Characteristic.swift in Sources */,
			);
			runOnlyForDeploymentPostprocessing = 0;
		};
/* End PBXSourcesBuildPhase section */

/* Begin XCBuildConfiguration section */
		CD01301129EB05FD009CB086 /* Debug */ = {
			isa = XCBuildConfiguration;
			buildSettings = {
				ALWAYS_SEARCH_USER_PATHS = NO;
				CLANG_ANALYZER_NONNULL = YES;
				CLANG_ANALYZER_NUMBER_OBJECT_CONVERSION = YES_AGGRESSIVE;
				CLANG_CXX_LANGUAGE_STANDARD = "gnu++20";
				CLANG_ENABLE_MODULES = YES;
				CLANG_ENABLE_OBJC_ARC = YES;
				CLANG_ENABLE_OBJC_WEAK = YES;
				CLANG_WARN_BLOCK_CAPTURE_AUTORELEASING = YES;
				CLANG_WARN_BOOL_CONVERSION = YES;
				CLANG_WARN_COMMA = YES;
				CLANG_WARN_CONSTANT_CONVERSION = YES;
				CLANG_WARN_DEPRECATED_OBJC_IMPLEMENTATIONS = YES;
				CLANG_WARN_DIRECT_OBJC_ISA_USAGE = YES_ERROR;
				CLANG_WARN_DOCUMENTATION_COMMENTS = YES;
				CLANG_WARN_EMPTY_BODY = YES;
				CLANG_WARN_ENUM_CONVERSION = YES;
				CLANG_WARN_INFINITE_RECURSION = YES;
				CLANG_WARN_INT_CONVERSION = YES;
				CLANG_WARN_NON_LITERAL_NULL_CONVERSION = YES;
				CLANG_WARN_OBJC_IMPLICIT_RETAIN_SELF = YES;
				CLANG_WARN_OBJC_LITERAL_CONVERSION = YES;
				CLANG_WARN_OBJC_ROOT_CLASS = YES_ERROR;
				CLANG_WARN_QUOTED_INCLUDE_IN_FRAMEWORK_HEADER = YES;
				CLANG_WARN_RANGE_LOOP_ANALYSIS = YES;
				CLANG_WARN_STRICT_PROTOTYPES = YES;
				CLANG_WARN_SUSPICIOUS_MOVE = YES;
				CLANG_WARN_UNGUARDED_AVAILABILITY = YES_AGGRESSIVE;
				CLANG_WARN_UNREACHABLE_CODE = YES;
				CLANG_WARN__DUPLICATE_METHOD_MATCH = YES;
				COPY_PHASE_STRIP = NO;
				DEAD_CODE_STRIPPING = YES;
				DEBUG_INFORMATION_FORMAT = dwarf;
				ENABLE_STRICT_OBJC_MSGSEND = YES;
				ENABLE_TESTABILITY = YES;
				ENABLE_USER_SCRIPT_SANDBOXING = YES;
				GCC_C_LANGUAGE_STANDARD = gnu11;
				GCC_DYNAMIC_NO_PIC = NO;
				GCC_NO_COMMON_BLOCKS = YES;
				GCC_OPTIMIZATION_LEVEL = 0;
				GCC_PREPROCESSOR_DEFINITIONS = (
					"DEBUG=1",
					"$(inherited)",
				);
				GCC_WARN_64_TO_32_BIT_CONVERSION = YES;
				GCC_WARN_ABOUT_RETURN_TYPE = YES_ERROR;
				GCC_WARN_UNDECLARED_SELECTOR = YES;
				GCC_WARN_UNINITIALIZED_AUTOS = YES_AGGRESSIVE;
				GCC_WARN_UNUSED_FUNCTION = YES;
				GCC_WARN_UNUSED_VARIABLE = YES;
				IPHONEOS_DEPLOYMENT_TARGET = 17.0;
				MACOSX_DEPLOYMENT_TARGET = "$(RECOMMENDED_MACOSX_DEPLOYMENT_TARGET)";
				MTL_ENABLE_DEBUG_INFO = INCLUDE_SOURCE;
				MTL_FAST_MATH = YES;
				ONLY_ACTIVE_ARCH = YES;
				SWIFT_ACTIVE_COMPILATION_CONDITIONS = DEBUG;
				SWIFT_OPTIMIZATION_LEVEL = "-Onone";
				SWIFT_VERSION = 5.0;
			};
			name = Debug;
		};
		CD01301229EB05FD009CB086 /* Release */ = {
			isa = XCBuildConfiguration;
			buildSettings = {
				ALWAYS_SEARCH_USER_PATHS = NO;
				CLANG_ANALYZER_NONNULL = YES;
				CLANG_ANALYZER_NUMBER_OBJECT_CONVERSION = YES_AGGRESSIVE;
				CLANG_CXX_LANGUAGE_STANDARD = "gnu++20";
				CLANG_ENABLE_MODULES = YES;
				CLANG_ENABLE_OBJC_ARC = YES;
				CLANG_ENABLE_OBJC_WEAK = YES;
				CLANG_WARN_BLOCK_CAPTURE_AUTORELEASING = YES;
				CLANG_WARN_BOOL_CONVERSION = YES;
				CLANG_WARN_COMMA = YES;
				CLANG_WARN_CONSTANT_CONVERSION = YES;
				CLANG_WARN_DEPRECATED_OBJC_IMPLEMENTATIONS = YES;
				CLANG_WARN_DIRECT_OBJC_ISA_USAGE = YES_ERROR;
				CLANG_WARN_DOCUMENTATION_COMMENTS = YES;
				CLANG_WARN_EMPTY_BODY = YES;
				CLANG_WARN_ENUM_CONVERSION = YES;
				CLANG_WARN_INFINITE_RECURSION = YES;
				CLANG_WARN_INT_CONVERSION = YES;
				CLANG_WARN_NON_LITERAL_NULL_CONVERSION = YES;
				CLANG_WARN_OBJC_IMPLICIT_RETAIN_SELF = YES;
				CLANG_WARN_OBJC_LITERAL_CONVERSION = YES;
				CLANG_WARN_OBJC_ROOT_CLASS = YES_ERROR;
				CLANG_WARN_QUOTED_INCLUDE_IN_FRAMEWORK_HEADER = YES;
				CLANG_WARN_RANGE_LOOP_ANALYSIS = YES;
				CLANG_WARN_STRICT_PROTOTYPES = YES;
				CLANG_WARN_SUSPICIOUS_MOVE = YES;
				CLANG_WARN_UNGUARDED_AVAILABILITY = YES_AGGRESSIVE;
				CLANG_WARN_UNREACHABLE_CODE = YES;
				CLANG_WARN__DUPLICATE_METHOD_MATCH = YES;
				COPY_PHASE_STRIP = NO;
				DEAD_CODE_STRIPPING = YES;
				DEBUG_INFORMATION_FORMAT = "dwarf-with-dsym";
				ENABLE_NS_ASSERTIONS = NO;
				ENABLE_STRICT_OBJC_MSGSEND = YES;
				ENABLE_USER_SCRIPT_SANDBOXING = YES;
				GCC_C_LANGUAGE_STANDARD = gnu11;
				GCC_NO_COMMON_BLOCKS = YES;
				GCC_WARN_64_TO_32_BIT_CONVERSION = YES;
				GCC_WARN_ABOUT_RETURN_TYPE = YES_ERROR;
				GCC_WARN_UNDECLARED_SELECTOR = YES;
				GCC_WARN_UNINITIALIZED_AUTOS = YES_AGGRESSIVE;
				GCC_WARN_UNUSED_FUNCTION = YES;
				GCC_WARN_UNUSED_VARIABLE = YES;
				IPHONEOS_DEPLOYMENT_TARGET = 17.0;
				MACOSX_DEPLOYMENT_TARGET = "$(RECOMMENDED_MACOSX_DEPLOYMENT_TARGET)";
				MTL_ENABLE_DEBUG_INFO = NO;
				MTL_FAST_MATH = YES;
				SWIFT_COMPILATION_MODE = wholemodule;
				SWIFT_OPTIMIZATION_LEVEL = "-O";
				SWIFT_VERSION = 5.0;
			};
			name = Release;
		};
		CD01301429EB05FD009CB086 /* Debug */ = {
			isa = XCBuildConfiguration;
			buildSettings = {
				ASSETCATALOG_COMPILER_APPICON_NAME = AppIcon;
				ASSETCATALOG_COMPILER_GLOBAL_ACCENT_COLOR_NAME = AccentColor;
				CLANG_ENABLE_MODULES = YES;
				CODE_SIGN_ENTITLEMENTS = RAPIDTRUTH/RAPIDTRUTH.entitlements;
				CODE_SIGN_STYLE = Automatic;
				CURRENT_PROJECT_VERSION = 1;
				DEAD_CODE_STRIPPING = YES;
				DEVELOPMENT_ASSET_PATHS = "\"RAPIDTRUTH/Preview Content\"";
				DEVELOPMENT_TEAM = X8SJ59XXC8;
				ENABLE_HARDENED_RUNTIME = NO;
				ENABLE_PREVIEWS = YES;
				GENERATE_INFOPLIST_FILE = YES;
				INFOPLIST_KEY_NSBluetoothAlwaysUsageDescription = "This app uses Bluetooth to connect to nearby devices.";
				INFOPLIST_KEY_NSBluetoothPeripheralUsageDescription = "This app uses Bluetooth to connect to nearby devices.";
				"INFOPLIST_KEY_UIApplicationSceneManifest_Generation[sdk=iphoneos*]" = YES;
				"INFOPLIST_KEY_UIApplicationSceneManifest_Generation[sdk=iphonesimulator*]" = YES;
				"INFOPLIST_KEY_UIApplicationSupportsIndirectInputEvents[sdk=iphoneos*]" = YES;
				"INFOPLIST_KEY_UIApplicationSupportsIndirectInputEvents[sdk=iphonesimulator*]" = YES;
				"INFOPLIST_KEY_UILaunchScreen_Generation[sdk=iphoneos*]" = YES;
				"INFOPLIST_KEY_UILaunchScreen_Generation[sdk=iphonesimulator*]" = YES;
				INFOPLIST_KEY_UIStatusBarStyle = "";
				"INFOPLIST_KEY_UIStatusBarStyle[sdk=iphoneos*]" = UIStatusBarStyleDefault;
				"INFOPLIST_KEY_UIStatusBarStyle[sdk=iphonesimulator*]" = UIStatusBarStyleDefault;
				INFOPLIST_KEY_UISupportedInterfaceOrientations_iPad = "UIInterfaceOrientationPortrait UIInterfaceOrientationPortraitUpsideDown UIInterfaceOrientationLandscapeLeft UIInterfaceOrientationLandscapeRight";
				INFOPLIST_KEY_UISupportedInterfaceOrientations_iPhone = "UIInterfaceOrientationPortrait UIInterfaceOrientationLandscapeLeft UIInterfaceOrientationLandscapeRight";
				IPHONEOS_DEPLOYMENT_TARGET = 17.0;
				LD_RUNPATH_SEARCH_PATHS = "@executable_path/Frameworks";
				"LD_RUNPATH_SEARCH_PATHS[sdk=macosx*]" = "@executable_path/../Frameworks";
				MACOSX_DEPLOYMENT_TARGET = "$(RECOMMENDED_MACOSX_DEPLOYMENT_TARGET)";
				MARKETING_VERSION = 1.0;
				PRODUCT_BUNDLE_IDENTIFIER = com.momolas.RAPIDTRUTH;
				PRODUCT_NAME = "$(TARGET_NAME)";
				SDKROOT = auto;
				SUPPORTED_PLATFORMS = "iphoneos iphonesimulator";
				SUPPORTS_MACCATALYST = NO;
				SUPPORTS_MAC_DESIGNED_FOR_IPHONE_IPAD = NO;
				SWIFT_EMIT_LOC_STRINGS = YES;
				SWIFT_OPTIMIZATION_LEVEL = "-Onone";
				SWIFT_VERSION = 5.0;
				TARGETED_DEVICE_FAMILY = "1,2";
			};
			name = Debug;
		};
		CD01301529EB05FD009CB086 /* Release */ = {
			isa = XCBuildConfiguration;
			buildSettings = {
				ASSETCATALOG_COMPILER_APPICON_NAME = AppIcon;
				ASSETCATALOG_COMPILER_GLOBAL_ACCENT_COLOR_NAME = AccentColor;
				CLANG_ENABLE_MODULES = YES;
				CODE_SIGN_ENTITLEMENTS = RAPIDTRUTH/RAPIDTRUTH.entitlements;
				CODE_SIGN_STYLE = Automatic;
				CURRENT_PROJECT_VERSION = 1;
				DEAD_CODE_STRIPPING = YES;
				DEVELOPMENT_ASSET_PATHS = "\"RAPIDTRUTH/Preview Content\"";
				DEVELOPMENT_TEAM = X8SJ59XXC8;
				ENABLE_HARDENED_RUNTIME = NO;
				ENABLE_PREVIEWS = YES;
				GENERATE_INFOPLIST_FILE = YES;
				INFOPLIST_KEY_NSBluetoothAlwaysUsageDescription = "This app uses Bluetooth to connect to nearby devices.";
				INFOPLIST_KEY_NSBluetoothPeripheralUsageDescription = "This app uses Bluetooth to connect to nearby devices.";
				"INFOPLIST_KEY_UIApplicationSceneManifest_Generation[sdk=iphoneos*]" = YES;
				"INFOPLIST_KEY_UIApplicationSceneManifest_Generation[sdk=iphonesimulator*]" = YES;
				"INFOPLIST_KEY_UIApplicationSupportsIndirectInputEvents[sdk=iphoneos*]" = YES;
				"INFOPLIST_KEY_UIApplicationSupportsIndirectInputEvents[sdk=iphonesimulator*]" = YES;
				"INFOPLIST_KEY_UILaunchScreen_Generation[sdk=iphoneos*]" = YES;
				"INFOPLIST_KEY_UILaunchScreen_Generation[sdk=iphonesimulator*]" = YES;
				INFOPLIST_KEY_UIStatusBarStyle = "";
				"INFOPLIST_KEY_UIStatusBarStyle[sdk=iphoneos*]" = UIStatusBarStyleDefault;
				"INFOPLIST_KEY_UIStatusBarStyle[sdk=iphonesimulator*]" = UIStatusBarStyleDefault;
				INFOPLIST_KEY_UISupportedInterfaceOrientations_iPad = "UIInterfaceOrientationPortrait UIInterfaceOrientationPortraitUpsideDown UIInterfaceOrientationLandscapeLeft UIInterfaceOrientationLandscapeRight";
				INFOPLIST_KEY_UISupportedInterfaceOrientations_iPhone = "UIInterfaceOrientationPortrait UIInterfaceOrientationLandscapeLeft UIInterfaceOrientationLandscapeRight";
				IPHONEOS_DEPLOYMENT_TARGET = 17.0;
				LD_RUNPATH_SEARCH_PATHS = "@executable_path/Frameworks";
				"LD_RUNPATH_SEARCH_PATHS[sdk=macosx*]" = "@executable_path/../Frameworks";
				MACOSX_DEPLOYMENT_TARGET = "$(RECOMMENDED_MACOSX_DEPLOYMENT_TARGET)";
				MARKETING_VERSION = 1.0;
				PRODUCT_BUNDLE_IDENTIFIER = com.momolas.RAPIDTRUTH;
				PRODUCT_NAME = "$(TARGET_NAME)";
				SDKROOT = auto;
				SUPPORTED_PLATFORMS = "iphoneos iphonesimulator";
				SUPPORTS_MACCATALYST = NO;
				SUPPORTS_MAC_DESIGNED_FOR_IPHONE_IPAD = NO;
				SWIFT_EMIT_LOC_STRINGS = YES;
				SWIFT_OBJC_BRIDGING_HEADER = "RAPIDTRUTH/RAPIDTRUTH-Bridging-Header.h";
				SWIFT_VERSION = 5.0;
				TARGETED_DEVICE_FAMILY = "1,2";
			};
			name = Release;
		};
/* End XCBuildConfiguration section */

/* Begin XCConfigurationList section */
		CD012FFF29EB05FB009CB086 /* Build configuration list for PBXProject "RAPIDTRUTH" */ = {
			isa = XCConfigurationList;
			buildConfigurations = (
				CD01301129EB05FD009CB086 /* Debug */,
				CD01301229EB05FD009CB086 /* Release */,
			);
			defaultConfigurationIsVisible = 0;
			defaultConfigurationName = Release;
		};
		CD01301329EB05FD009CB086 /* Build configuration list for PBXNativeTarget "RAPIDTRUTH" */ = {
			isa = XCConfigurationList;
			buildConfigurations = (
				CD01301429EB05FD009CB086 /* Debug */,
				CD01301529EB05FD009CB086 /* Release */,
			);
			defaultConfigurationIsVisible = 0;
			defaultConfigurationName = Release;
		};
/* End XCConfigurationList section */
	};
	rootObject = CD012FFC29EB05FB009CB086 /* Project object */;
}
