{
  "originHash" : "4805e7e87f694cff42402507f63551018a5097b7420cd95ac8e250da67c6c7bd",
  "pins" : [
    {
      "identity" : "swiftvehicleprotocols",
      "kind" : "remoteSourceControl",
      "location" : "https://github.com/momolas/SwiftVehicleProtocols.git",
      "state" : {
        "revision" : "d5303c05d3f323fb5a93b476f2396fca0121adc4",
        "version" : "1.9.0"
      }
    }
  ],
  "version" : 3
}
