{
  "originHash" : "4805e7e87f694cff42402507f63551018a5097b7420cd95ac8e250da67c6c7bd",
  "pins" : [
    {
      "identity" : "swiftvehicleprotocols",
      "kind" : "remoteSourceControl",
      "location" : "https://github.com/momolas/SwiftVehicleProtocols.git",
      "state" : {
        "revision" : "e80e84aa33fd4323f526234c470e1d451c9e4bf9",
        "version" : "1.0.1"
      }
    }
  ],
  "version" : 3
}
